#MicroXplorer Configuration settings - do not modify
CAD.formats=[]
CAD.pinconfig=Project naming
CAD.provider=
File.Version=6
KeepUserPlacement=false
Mcu.CPN=STM32L4S5VIT3
Mcu.Family=STM32L4
Mcu.IP0=NVIC
Mcu.IP1=RCC
Mcu.IP2=SPI3
Mcu.IP3=USART1
Mcu.IP4=USART2
Mcu.IPNb=5
Mcu.Name=STM32L4S5VITx
Mcu.Package=LQFP100
Mcu.Pin0=PE6
Mcu.Pin1=PC13
Mcu.Pin10=PC12
Mcu.Pin11=PB6
Mcu.Pin12=PB7
Mcu.Pin13=VP_STMicroelectronics.X-CUBE-BLE1_VS_WirelessJjBlueNRGAaMS_6.2.4
Mcu.Pin14=VP_STMicroelectronics.X-CUBE-BLE1_VS_DeviceJjBLE1IiApplications_6.2.4
Mcu.Pin2=PA2
Mcu.Pin3=PA3
Mcu.Pin4=PB14
Mcu.Pin5=PD13
Mcu.Pin6=PC9
Mcu.Pin7=PA8
Mcu.Pin8=PC10
Mcu.Pin9=PC11
Mcu.PinsNb=15
Mcu.ThirdParty0=STMicroelectronics.X-CUBE-BLE1.6.2.4
Mcu.ThirdPartyNb=1
Mcu.UserConstants=
Mcu.UserName=STM32L4S5VITx
MxCube.Version=6.8.0
MxDb.Version=DB.6.0.80
NVIC.BusFault_IRQn=true\:0\:0\:false\:false\:true\:false\:false\:false
NVIC.DebugMonitor_IRQn=true\:0\:0\:false\:false\:true\:false\:false\:false
NVIC.EXTI15_10_IRQn=true\:0\:0\:false\:false\:true\:true\:true\:true
NVIC.EXTI9_5_IRQn=true\:0\:0\:false\:false\:true\:true\:true\:true
NVIC.ForceEnableDMAVector=true
NVIC.HardFault_IRQn=true\:0\:0\:false\:false\:true\:false\:false\:false
NVIC.MemoryManagement_IRQn=true\:0\:0\:false\:false\:true\:false\:false\:false
NVIC.NonMaskableInt_IRQn=true\:0\:0\:false\:false\:true\:false\:false\:false
NVIC.PendSV_IRQn=true\:0\:0\:false\:false\:true\:false\:false\:false
NVIC.PriorityGroup=NVIC_PRIORITYGROUP_4
NVIC.SPI3_IRQn=true\:0\:0\:false\:false\:true\:true\:true\:true
NVIC.SVCall_IRQn=true\:0\:0\:false\:false\:true\:false\:false\:false
NVIC.SysTick_IRQn=true\:15\:0\:false\:false\:true\:false\:true\:false
NVIC.USART2_IRQn=true\:0\:0\:false\:false\:true\:true\:true\:true
NVIC.UsageFault_IRQn=true\:0\:0\:false\:false\:true\:false\:false\:false
PA2.Mode=Asynchronous
PA2.Signal=USART2_TX
PA3.Mode=Asynchronous
PA3.Signal=USART2_RX
PA8.Locked=true
PA8.Signal=GPIO_Output
PB14.GPIOParameters=GPIO_Label
PB14.GPIO_Label=GREEN_LED
PB14.Locked=true
PB14.Signal=GPIO_Output
PB6.Locked=true
PB6.Mode=Asynchronous
PB6.Signal=USART1_TX
PB7.Locked=true
PB7.Mode=Asynchronous
PB7.Signal=USART1_RX
PC10.Mode=Full_Duplex_Master
PC10.Signal=SPI3_SCK
PC11.Mode=Full_Duplex_Master
PC11.Signal=SPI3_MISO
PC12.Mode=Full_Duplex_Master
PC12.Signal=SPI3_MOSI
PC13.Locked=true
PC13.Signal=GPXTI13
PC9.Locked=true
PC9.Signal=GPIO_Output
PD13.Locked=true
PD13.Signal=GPIO_Output
PE6.Locked=true
PE6.Signal=GPXTI6
PinOutPanel.RotationAngle=0
ProjectManager.AskForMigrate=true
ProjectManager.BackupPrevious=false
ProjectManager.CompilerOptimize=6
ProjectManager.ComputerToolchain=false
ProjectManager.CoupleFile=false
ProjectManager.CustomerFirmwarePackage=
ProjectManager.DefaultFWLocation=true
ProjectManager.DeletePrevious=true
ProjectManager.DeviceId=STM32L4S5VITx
ProjectManager.FirmwarePackage=STM32Cube FW_L4 V1.17.2
ProjectManager.FreePins=false
ProjectManager.HalAssertFull=false
ProjectManager.HeapSize=0x200
ProjectManager.KeepUserCode=true
ProjectManager.LastFirmware=true
ProjectManager.LibraryCopy=1
ProjectManager.MainLocation=Core/Src
ProjectManager.NoMain=false
ProjectManager.PreviousToolchain=STM32CubeIDE
ProjectManager.ProjectBuild=false
ProjectManager.ProjectFileName=ServiceBT_5.ioc
ProjectManager.ProjectName=ServiceBT_5
ProjectManager.ProjectStructure=
ProjectManager.RegisterCallBack=
ProjectManager.StackSize=0x400
ProjectManager.TargetToolchain=STM32CubeIDE
ProjectManager.ToolChainLocation=
ProjectManager.UnderRoot=true
ProjectManager.functionlistsort=1-SystemClock_Config-RCC-false-HAL-false,2-MX_GPIO_Init-GPIO-false-HAL-true,3-MX_USART1_UART_Init-USART1-false-HAL-true,4-MX_BlueNRG_MS_Init-STMicroelectronics.X-CUBE-BLE1.6.2.4-false-HAL-false,5-MX_BlueNRG_MS_Process-STMicroelectronics.X-CUBE-BLE1.6.2.4-false-HAL-false
RCC.CRSFreq_Value=48000000
RCC.FamilyName=M
RCC.HSE_VALUE=8000000
RCC.HSI48_VALUE=48000000
RCC.HSI_VALUE=16000000
RCC.IPParameters=CRSFreq_Value,FamilyName,HSE_VALUE,HSI48_VALUE,HSI_VALUE,LCDTFTFreq_Value,LSCOPinFreq_Value,LSE_VALUE,LSI_VALUE,MSI_VALUE,PLLPoutputFreq_Value,PLLQoutputFreq_Value,PLLRCLKFreq_Value,PLLSAI1PoutputFreq_Value,PLLSAI1QoutputFreq_Value,PLLSAI1RoutputFreq_Value,PLLSAI2PoutputFreq_Value,PLLSAI2QoutputFreq_Value,PLLSAI2RoutputFreq_Value,SAI1Freq_Value,SAI2Freq_Value,VCOInput2Freq_Value,VCOInput3Freq_Value,VCOInputFreq_Value,VCOOutputFreq_Value,VCOSAI1OutputFreq_Value,VCOSAI2OutputFreq_Value
RCC.LCDTFTFreq_Value=8000000
RCC.LSCOPinFreq_Value=32000
RCC.LSE_VALUE=32768
RCC.LSI_VALUE=32000
RCC.MSI_VALUE=4000000
RCC.PLLPoutputFreq_Value=16000000
RCC.PLLQoutputFreq_Value=16000000
RCC.PLLRCLKFreq_Value=16000000
RCC.PLLSAI1PoutputFreq_Value=16000000
RCC.PLLSAI1QoutputFreq_Value=16000000
RCC.PLLSAI1RoutputFreq_Value=16000000
RCC.PLLSAI2PoutputFreq_Value=16000000
RCC.PLLSAI2QoutputFreq_Value=16000000
RCC.PLLSAI2RoutputFreq_Value=16000000
RCC.SAI1Freq_Value=16000000
RCC.SAI2Freq_Value=16000000
RCC.VCOInput2Freq_Value=4000000
RCC.VCOInput3Freq_Value=4000000
RCC.VCOInputFreq_Value=4000000
RCC.VCOOutputFreq_Value=32000000
RCC.VCOSAI1OutputFreq_Value=32000000
RCC.VCOSAI2OutputFreq_Value=32000000
SH.GPXTI13.0=GPIO_EXTI13
SH.GPXTI13.ConfNb=1
SH.GPXTI6.0=GPIO_EXTI6
SH.GPXTI6.ConfNb=1
SPI3.BaudRatePrescaler=SPI_BAUDRATEPRESCALER_16
SPI3.CalculateBaudRate=250.0 KBits/s
SPI3.DataSize=SPI_DATASIZE_8BIT
SPI3.Direction=SPI_DIRECTION_2LINES
SPI3.IPParameters=VirtualType,Mode,Direction,CalculateBaudRate,DataSize,BaudRatePrescaler
SPI3.Mode=SPI_MODE_MASTER
SPI3.VirtualType=VM_MASTER
STMicroelectronics.X-CUBE-BLE1.6.2.4.BLE1IiApplicationsCcDeviceJjApplication=SampleApp
STMicroelectronics.X-CUBE-BLE1.6.2.4.BSP.number=7
STMicroelectronics.X-CUBE-BLE1.6.2.4.BlueNRGAaMSCcWirelessJjBlueNRGAaMSJjController=true
STMicroelectronics.X-CUBE-BLE1.6.2.4.BlueNRGAaMSCcWirelessJjBlueNRGAaMSJjHCIIiTL=Basic
STMicroelectronics.X-CUBE-BLE1.6.2.4.BlueNRGAaMSCcWirelessJjBlueNRGAaMSJjHCIIiTLIiINTERFACE=UserBoard
STMicroelectronics.X-CUBE-BLE1.6.2.4.BlueNRGAaMSCcWirelessJjBlueNRGAaMSJjUtils=true
STMicroelectronics.X-CUBE-BLE1.6.2.4.DeviceJjBLE1IiApplications_Checked=true
STMicroelectronics.X-CUBE-BLE1.6.2.4.IPParameters=BlueNRGAaMSCcWirelessJjBlueNRGAaMSJjController,BlueNRGAaMSCcWirelessJjBlueNRGAaMSJjUtils,BlueNRGAaMSCcWirelessJjBlueNRGAaMSJjHCIIiTL,BlueNRGAaMSCcWirelessJjBlueNRGAaMSJjHCIIiTLIiINTERFACE,BLE1IiApplicationsCcDeviceJjApplication
STMicroelectronics.X-CUBE-BLE1.6.2.4.WirelessJjBlueNRGAaMS_Checked=true
STMicroelectronics.X-CUBE-BLE1.6.2.40.BSP.STBoard=false
STMicroelectronics.X-CUBE-BLE1.6.2.40.BSP.api=HAL_EXTI_DRIVER
STMicroelectronics.X-CUBE-BLE1.6.2.40.BSP.component=
STMicroelectronics.X-CUBE-BLE1.6.2.40.BSP.condition=SEMBlueNRGAaMSCcWirelessJjBlueNRGAaMSJjHCIIiTLIiINTERFACEJjUserBoard
STMicroelectronics.X-CUBE-BLE1.6.2.40.BSP.instance=PE6
STMicroelectronics.X-CUBE-BLE1.6.2.40.BSP.ip=GPIO
STMicroelectronics.X-CUBE-BLE1.6.2.40.BSP.mode=EXTI
STMicroelectronics.X-CUBE-BLE1.6.2.40.BSP.name=Exti Line
STMicroelectronics.X-CUBE-BLE1.6.2.40.BSP.semaphore=
STMicroelectronics.X-CUBE-BLE1.6.2.40.BSP.solution=PE6
STMicroelectronics.X-CUBE-BLE1.6.2.41.BSP.STBoard=false
STMicroelectronics.X-CUBE-BLE1.6.2.41.BSP.api=BSP_COMMON_DRIVER
STMicroelectronics.X-CUBE-BLE1.6.2.41.BSP.component=
STMicroelectronics.X-CUBE-BLE1.6.2.41.BSP.condition=SEMBLE1IiApplicationsCcDeviceJjApplicationJjSensorDemoBLESensor | SEMBLE1IiApplicationsCcDeviceJjApplicationJjSampleApp
STMicroelectronics.X-CUBE-BLE1.6.2.41.BSP.instance=PC13
STMicroelectronics.X-CUBE-BLE1.6.2.41.BSP.ip=GPIO
STMicroelectronics.X-CUBE-BLE1.6.2.41.BSP.mode=EXTI
STMicroelectronics.X-CUBE-BLE1.6.2.41.BSP.name=BSP BUTTON
STMicroelectronics.X-CUBE-BLE1.6.2.41.BSP.semaphore=
STMicroelectronics.X-CUBE-BLE1.6.2.41.BSP.solution=PC13
STMicroelectronics.X-CUBE-BLE1.6.2.42.BSP.STBoard=false
STMicroelectronics.X-CUBE-BLE1.6.2.42.BSP.api=BSP_COMMON_DRIVER
STMicroelectronics.X-CUBE-BLE1.6.2.42.BSP.component=
STMicroelectronics.X-CUBE-BLE1.6.2.42.BSP.condition=SEMBLE1IiApplicationsCcDeviceJjApplicationJjSensorDemoBLESensor | SEMBLE1IiApplicationsCcDeviceJjApplicationJjSampleApp | SEMBLE1IiApplicationsCcDeviceJjApplicationJjBeacon | SEMBLE1IiApplicationsCcDeviceJjApplicationJjVirtualCOMPort
STMicroelectronics.X-CUBE-BLE1.6.2.42.BSP.instance=USART2
STMicroelectronics.X-CUBE-BLE1.6.2.42.BSP.ip=(LPU|US)ART
STMicroelectronics.X-CUBE-BLE1.6.2.42.BSP.mode=Asynchronous
STMicroelectronics.X-CUBE-BLE1.6.2.42.BSP.name=BSP USART
STMicroelectronics.X-CUBE-BLE1.6.2.42.BSP.semaphore=
STMicroelectronics.X-CUBE-BLE1.6.2.42.BSP.solution=USART2
STMicroelectronics.X-CUBE-BLE1.6.2.43.BSP.STBoard=false
STMicroelectronics.X-CUBE-BLE1.6.2.43.BSP.api=BSP_BUS_DRIVER
STMicroelectronics.X-CUBE-BLE1.6.2.43.BSP.component=
STMicroelectronics.X-CUBE-BLE1.6.2.43.BSP.condition=SEMBlueNRGAaMSCcWirelessJjBlueNRGAaMSJjHCIIiTLIiINTERFACEJjUserBoard
STMicroelectronics.X-CUBE-BLE1.6.2.43.BSP.instance=SPI3
STMicroelectronics.X-CUBE-BLE1.6.2.43.BSP.ip=SPI
STMicroelectronics.X-CUBE-BLE1.6.2.43.BSP.mode=Full-Duplex Master
STMicroelectronics.X-CUBE-BLE1.6.2.43.BSP.name=BUS IO driver
STMicroelectronics.X-CUBE-BLE1.6.2.43.BSP.semaphore=
STMicroelectronics.X-CUBE-BLE1.6.2.43.BSP.solution=SPI3
STMicroelectronics.X-CUBE-BLE1.6.2.44.BSP.STBoard=false
STMicroelectronics.X-CUBE-BLE1.6.2.44.BSP.api=Unknown
STMicroelectronics.X-CUBE-BLE1.6.2.44.BSP.component=
STMicroelectronics.X-CUBE-BLE1.6.2.44.BSP.condition=SEMBlueNRGAaMSCcWirelessJjBlueNRGAaMSJjHCIIiTLIiINTERFACEJjUserBoard
STMicroelectronics.X-CUBE-BLE1.6.2.44.BSP.instance=PD13
STMicroelectronics.X-CUBE-BLE1.6.2.44.BSP.ip=GPIO
STMicroelectronics.X-CUBE-BLE1.6.2.44.BSP.mode=Output
STMicroelectronics.X-CUBE-BLE1.6.2.44.BSP.name=CS Line
STMicroelectronics.X-CUBE-BLE1.6.2.44.BSP.semaphore=
STMicroelectronics.X-CUBE-BLE1.6.2.44.BSP.solution=PD13
STMicroelectronics.X-CUBE-BLE1.6.2.45.BSP.STBoard=false
STMicroelectronics.X-CUBE-BLE1.6.2.45.BSP.api=Unknown
STMicroelectronics.X-CUBE-BLE1.6.2.45.BSP.component=
STMicroelectronics.X-CUBE-BLE1.6.2.45.BSP.condition=SEMBlueNRGAaMSCcWirelessJjBlueNRGAaMSJjHCIIiTLIiINTERFACEJjUserBoard
STMicroelectronics.X-CUBE-BLE1.6.2.45.BSP.instance=PA8
STMicroelectronics.X-CUBE-BLE1.6.2.45.BSP.ip=GPIO
STMicroelectronics.X-CUBE-BLE1.6.2.45.BSP.mode=Output
STMicroelectronics.X-CUBE-BLE1.6.2.45.BSP.name=Reset Line
STMicroelectronics.X-CUBE-BLE1.6.2.45.BSP.semaphore=
STMicroelectronics.X-CUBE-BLE1.6.2.45.BSP.solution=PA8
STMicroelectronics.X-CUBE-BLE1.6.2.46.BSP.STBoard=false
STMicroelectronics.X-CUBE-BLE1.6.2.46.BSP.api=BSP_COMMON_DRIVER
STMicroelectronics.X-CUBE-BLE1.6.2.46.BSP.component=
STMicroelectronics.X-CUBE-BLE1.6.2.46.BSP.condition=SEMBLE1IiApplicationsCcDeviceJjApplicationJjSensorDemoBLESensor | SEMBLE1IiApplicationsCcDeviceJjApplicationJjSampleApp
STMicroelectronics.X-CUBE-BLE1.6.2.46.BSP.instance=PC9
STMicroelectronics.X-CUBE-BLE1.6.2.46.BSP.ip=GPIO
STMicroelectronics.X-CUBE-BLE1.6.2.46.BSP.mode=Output
STMicroelectronics.X-CUBE-BLE1.6.2.46.BSP.name=BSP LED
STMicroelectronics.X-CUBE-BLE1.6.2.46.BSP.semaphore=
STMicroelectronics.X-CUBE-BLE1.6.2.46.BSP.solution=PC9
STMicroelectronics.X-CUBE-BLE1.6.2.4_SwParameter=BlueNRGAaMSCcWirelessJjBlueNRGAaMSJjUtils\:true;BlueNRGAaMSCcWirelessJjBlueNRGAaMSJjHCIIiTL\:Basic;BLE1IiApplicationsCcDeviceJjApplication\:SampleApp;BlueNRGAaMSCcWirelessJjBlueNRGAaMSJjController\:true;BlueNRGAaMSCcWirelessJjBlueNRGAaMSJjHCIIiTLIiINTERFACE\:UserBoard;
USART1.IPParameters=VirtualMode-Asynchronous
USART1.VirtualMode-Asynchronous=VM_ASYNC
USART2.IPParameters=VirtualMode-Asynchronous
USART2.VirtualMode-Asynchronous=VM_ASYNC
VP_STMicroelectronics.X-CUBE-BLE1_VS_DeviceJjBLE1IiApplications_6.2.4.Mode=DeviceJjBLE1IiApplications
VP_STMicroelectronics.X-CUBE-BLE1_VS_DeviceJjBLE1IiApplications_6.2.4.Signal=STMicroelectronics.X-CUBE-BLE1_VS_DeviceJjBLE1IiApplications_6.2.4
VP_STMicroelectronics.X-CUBE-BLE1_VS_WirelessJjBlueNRGAaMS_6.2.4.Mode=WirelessJjBlueNRGAaMS
VP_STMicroelectronics.X-CUBE-BLE1_VS_WirelessJjBlueNRGAaMS_6.2.4.Signal=STMicroelectronics.X-CUBE-BLE1_VS_WirelessJjBlueNRGAaMS_6.2.4
board=custom
isbadioc=false
